Microsoft Visual Studio Solution File, Format Version 11.00
# Visual Studio 2010
Project("{FAE04EC0-301F-11D3-BF4B-00C04F79EFBC}") = "Assembly-CSharp", "Assembly-CSharp.csproj", "{CFDB0C89-DC38-207C-53DB-6F62A7564C64}"
EndProject
Project("{FAE04EC0-301F-11D3-BF4B-00C04F79EFBC}") = "Assembly-CSharp-Editor", "Assembly-CSharp-Editor.csproj", "{C23F7C96-54D7-1D09-7F81-2E9B2F5BF12E}"
EndProject
Global
	GlobalSection(SolutionConfigurationPlatforms) = preSolution
		Debug|Any CPU = Debug|Any CPU
		Release|Any CPU = Release|Any CPU
	EndGlobalSection
	GlobalSection(ProjectConfigurationPlatforms) = postSolution
		{CFDB0C89-DC38-207C-53DB-6F62A7564C64}.Debug|Any CPU.ActiveCfg = Debug|Any CPU
		{CFDB0C89-DC38-207C-53DB-6F62A7564C64}.Debug|Any CPU.Build.0 = Debug|Any CPU
		{CFDB0C89-DC38-207C-53DB-6F62A7564C64}.Release|Any CPU.ActiveCfg = Release|Any CPU
		{CFDB0C89-DC38-207C-53DB-6F62A7564C64}.Release|Any CPU.Build.0 = Release|Any CPU
		{C23F7C96-54D7-1D09-7F81-2E9B2F5BF12E}.Debug|Any CPU.ActiveCfg = Debug|Any CPU
		{C23F7C96-54D7-1D09-7F81-2E9B2F5BF12E}.Debug|Any CPU.Build.0 = Debug|Any CPU
		{C23F7C96-54D7-1D09-7F81-2E9B2F5BF12E}.Release|Any CPU.ActiveCfg = Release|Any CPU
		{C23F7C96-54D7-1D09-7F81-2E9B2F5BF12E}.Release|Any CPU.Build.0 = Release|Any CPU
	EndGlobalSection
	GlobalSection(MonoDevelopProperties) = preSolution
		StartupItem = Assembly-CSharp.csproj
	EndGlobalSection
EndGlobal
